
Microsoft Visual Studio Solution File, Format Version 12.00
# Visual Studio Version 17
VisualStudioVersion = 17.5.33530.505
MinimumVisualStudioVersion = 10.0.40219.1
Project("{FAE04EC0-301F-11D3-BF4B-00C04F79EFBC}") = "E-Exam", "E-Exam.csproj", "{9FF3C782-1D89-44FF-B1FB-2805EFCBE977}"
EndProject
Global
	GlobalSection(SolutionConfigurationPlatforms) = preSolution
		Debug|Any CPU = Debug|Any CPU
		Release|Any CPU = Release|Any CPU
	EndGlobalSection
	GlobalSection(ProjectConfigurationPlatforms) = postSolution
		{9FF3C782-1D89-44FF-B1FB-2805EFCBE977}.Debug|Any CPU.ActiveCfg = Debug|Any CPU
		{9FF3C782-1D89-44FF-B1FB-2805EFCBE977}.Debug|Any CPU.Build.0 = Debug|Any CPU
		{9FF3C782-1D89-44FF-B1FB-2805EFCBE977}.Release|Any CPU.ActiveCfg = Release|Any CPU
		{9FF3C782-1D89-44FF-B1FB-2805EFCBE977}.Release|Any CPU.Build.0 = Release|Any CPU
	EndGlobalSection
	GlobalSection(SolutionProperties) = preSolution
		HideSolutionNode = FALSE
	EndGlobalSection
	GlobalSection(ExtensibilityGlobals) = postSolution
		SolutionGuid = {C7234125-252C-4880-9D91-5FCF72310918}
	EndGlobalSection
EndGlobal
